
Microsoft Visual Studio Solution File, Format Version 12.00
# Visual Studio Version 17
VisualStudioVersion = 17.5.002.0
MinimumVisualStudioVersion = 10.0.40219.1
Project("{9A19103F-16F7-4668-BE54-9A1E7A4F7556}") = "mechanical", "mechanical.csproj", "{66059F6B-E805-4C4F-9375-3FC5E3654006}"
EndProject
Global
	GlobalSection(SolutionConfigurationPlatforms) = preSolution
		Debug|Any CPU = Debug|Any CPU
		Release|Any CPU = Release|Any CPU
	EndGlobalSection
	GlobalSection(ProjectConfigurationPlatforms) = postSolution
		{66059F6B-E805-4C4F-9375-3FC5E3654006}.Debug|Any CPU.ActiveCfg = Debug|Any CPU
		{66059F6B-E805-4C4F-9375-3FC5E3654006}.Debug|Any CPU.Build.0 = Debug|Any CPU
		{66059F6B-E805-4C4F-9375-3FC5E3654006}.Release|Any CPU.ActiveCfg = Release|Any CPU
		{66059F6B-E805-4C4F-9375-3FC5E3654006}.Release|Any CPU.Build.0 = Release|Any CPU
	EndGlobalSection
	GlobalSection(SolutionProperties) = preSolution
		HideSolutionNode = FALSE
	EndGlobalSection
	GlobalSection(ExtensibilityGlobals) = postSolution
		SolutionGuid = {D0EF3775-6416-4997-B482-F942CB4A3A86}
	EndGlobalSection
EndGlobal
